Microsoft Visual Studio Solution File, Format Version 12.00
# Visual Studio Version 17
VisualStudioVersion = 17.5.2.0
MinimumVisualStudioVersion = 10.0.40219.1
Project("{FAE04EC0-301F-11D3-BF4B-00C04F79EFBC}") = "TaskManager.Domain", "TaskManager.Domain.csproj", "{35442411-A45F-9489-1457-8C83BFBA27B0}"
EndProject
Global
	GlobalSection(SolutionConfigurationPlatforms) = preSolution
		Debug|Any CPU = Debug|Any CPU
		Release|Any CPU = Release|Any CPU
	EndGlobalSection
	GlobalSection(ProjectConfigurationPlatforms) = postSolution
		{35442411-A45F-9489-1457-8C83BFBA27B0}.Debug|Any CPU.ActiveCfg = Debug|Any CPU
		{35442411-A45F-9489-1457-8C83BFBA27B0}.Debug|Any CPU.Build.0 = Debug|Any CPU
		{35442411-A45F-9489-1457-8C83BFBA27B0}.Release|Any CPU.ActiveCfg = Release|Any CPU
		{35442411-A45F-9489-1457-8C83BFBA27B0}.Release|Any CPU.Build.0 = Release|Any CPU
	EndGlobalSection
	GlobalSection(SolutionProperties) = preSolution
		HideSolutionNode = FALSE
	EndGlobalSection
	GlobalSection(ExtensibilityGlobals) = postSolution
		SolutionGuid = {6A8865F5-52CB-4354-818E-A147C8A744AC}
	EndGlobalSection
EndGlobal
